
Microsoft Visual Studio Solution File, Format Version 12.00
# Visual Studio Version 16
VisualStudioVersion = 16.0.30907.101
MinimumVisualStudioVersion = 10.0.40219.1
Project("{FAE04EC0-301F-11D3-BF4B-00C04F79EFBC}") = "getting input 3", "getting input 3\getting input 3.csproj", "{1E5BD508-1B74-4136-A350-49D8270D777D}"
EndProject
Global
	GlobalSection(SolutionConfigurationPlatforms) = preSolution
		Debug|Any CPU = Debug|Any CPU
		Release|Any CPU = Release|Any CPU
	EndGlobalSection
	GlobalSection(ProjectConfigurationPlatforms) = postSolution
		{1E5BD508-1B74-4136-A350-49D8270D777D}.Debug|Any CPU.ActiveCfg = Debug|Any CPU
		{1E5BD508-1B74-4136-A350-49D8270D777D}.Debug|Any CPU.Build.0 = Debug|Any CPU
		{1E5BD508-1B74-4136-A350-49D8270D777D}.Release|Any CPU.ActiveCfg = Release|Any CPU
		{1E5BD508-1B74-4136-A350-49D8270D777D}.Release|Any CPU.Build.0 = Release|Any CPU
	EndGlobalSection
	GlobalSection(SolutionProperties) = preSolution
		HideSolutionNode = FALSE
	EndGlobalSection
	GlobalSection(ExtensibilityGlobals) = postSolution
		SolutionGuid = {4783654B-8D27-4C84-BDBD-329CFEFAE3BE}
	EndGlobalSection
EndGlobal
